
Microsoft Visual Studio Solution File, Format Version 12.00
# Visual Studio 15
VisualStudioVersion = 15.0.28010.2016
MinimumVisualStudioVersion = 10.0.40219.1
Project("{FAE04EC0-301F-11D3-BF4B-00C04F79EFBC}") = "RedBlack_tree", "RedBlack_tree\RedBlack_tree.csproj", "{FEEE890C-6B32-4498-85F6-6A84D349D985}"
EndProject
Global
	GlobalSection(SolutionConfigurationPlatforms) = preSolution
		Debug|Any CPU = Debug|Any CPU
		Release|Any CPU = Release|Any CPU
	EndGlobalSection
	GlobalSection(ProjectConfigurationPlatforms) = postSolution
		{FEEE890C-6B32-4498-85F6-6A84D349D985}.Debug|Any CPU.ActiveCfg = Debug|Any CPU
		{FEEE890C-6B32-4498-85F6-6A84D349D985}.Debug|Any CPU.Build.0 = Debug|Any CPU
		{FEEE890C-6B32-4498-85F6-6A84D349D985}.Release|Any CPU.ActiveCfg = Release|Any CPU
		{FEEE890C-6B32-4498-85F6-6A84D349D985}.Release|Any CPU.Build.0 = Release|Any CPU
	EndGlobalSection
	GlobalSection(SolutionProperties) = preSolution
		HideSolutionNode = FALSE
	EndGlobalSection
	GlobalSection(ExtensibilityGlobals) = postSolution
		SolutionGuid = {3D5D0747-D76B-45B8-BD84-D4325416619E}
	EndGlobalSection
EndGlobal
